
Microsoft Visual Studio Solution File, Format Version 12.00
# Visual Studio Version 17
VisualStudioVersion = 17.11.35327.3
MinimumVisualStudioVersion = 10.0.40219.1
Project("{FAE04EC0-301F-11D3-BF4B-00C04F79EFBC}") = "05_Class_Intro", "05_Class_Intro\05_Class_Intro.csproj", "{A81911C6-F3D6-4E6E-B0F0-D9C57A69CF79}"
EndProject
Global
	GlobalSection(SolutionConfigurationPlatforms) = preSolution
		Debug|Any CPU = Debug|Any CPU
		Release|Any CPU = Release|Any CPU
	EndGlobalSection
	GlobalSection(ProjectConfigurationPlatforms) = postSolution
		{A81911C6-F3D6-4E6E-B0F0-D9C57A69CF79}.Debug|Any CPU.ActiveCfg = Debug|Any CPU
		{A81911C6-F3D6-4E6E-B0F0-D9C57A69CF79}.Debug|Any CPU.Build.0 = Debug|Any CPU
		{A81911C6-F3D6-4E6E-B0F0-D9C57A69CF79}.Release|Any CPU.ActiveCfg = Release|Any CPU
		{A81911C6-F3D6-4E6E-B0F0-D9C57A69CF79}.Release|Any CPU.Build.0 = Release|Any CPU
	EndGlobalSection
	GlobalSection(SolutionProperties) = preSolution
		HideSolutionNode = FALSE
	EndGlobalSection
	GlobalSection(ExtensibilityGlobals) = postSolution
		SolutionGuid = {FD0E1899-0D78-4C39-B52A-486BA02505AA}
	EndGlobalSection
EndGlobal
