
Microsoft Visual Studio Solution File, Format Version 12.00
# Visual Studio Version 17
VisualStudioVersion = 17.11.35327.3
MinimumVisualStudioVersion = 10.0.40219.1
Project("{FAE04EC0-301F-11D3-BF4B-00C04F79EFBC}") = "04-Methods", "04-Methods\04-Methods.csproj", "{DCF4F85C-CBEE-4289-AC69-B8540558EB5D}"
EndProject
Global
	GlobalSection(SolutionConfigurationPlatforms) = preSolution
		Debug|Any CPU = Debug|Any CPU
		Release|Any CPU = Release|Any CPU
	EndGlobalSection
	GlobalSection(ProjectConfigurationPlatforms) = postSolution
		{DCF4F85C-CBEE-4289-AC69-B8540558EB5D}.Debug|Any CPU.ActiveCfg = Debug|Any CPU
		{DCF4F85C-CBEE-4289-AC69-B8540558EB5D}.Debug|Any CPU.Build.0 = Debug|Any CPU
		{DCF4F85C-CBEE-4289-AC69-B8540558EB5D}.Release|Any CPU.ActiveCfg = Release|Any CPU
		{DCF4F85C-CBEE-4289-AC69-B8540558EB5D}.Release|Any CPU.Build.0 = Release|Any CPU
	EndGlobalSection
	GlobalSection(SolutionProperties) = preSolution
		HideSolutionNode = FALSE
	EndGlobalSection
	GlobalSection(ExtensibilityGlobals) = postSolution
		SolutionGuid = {9DEAAEC1-943E-467D-9BA0-2C9C331DF57B}
	EndGlobalSection
EndGlobal
