
Microsoft Visual Studio Solution File, Format Version 12.00
# Visual Studio Version 17
VisualStudioVersion = 17.11.35327.3
MinimumVisualStudioVersion = 10.0.40219.1
Project("{FAE04EC0-301F-11D3-BF4B-00C04F79EFBC}") = "12_Library_Micro", "12_Library_Micro.csproj", "{86FDCD67-3633-4731-9226-768642E8EA2F}"
EndProject
Global
	GlobalSection(SolutionConfigurationPlatforms) = preSolution
		Debug|Any CPU = Debug|Any CPU
		Release|Any CPU = Release|Any CPU
	EndGlobalSection
	GlobalSection(ProjectConfigurationPlatforms) = postSolution
		{86FDCD67-3633-4731-9226-768642E8EA2F}.Debug|Any CPU.ActiveCfg = Debug|Any CPU
		{86FDCD67-3633-4731-9226-768642E8EA2F}.Debug|Any CPU.Build.0 = Debug|Any CPU
		{86FDCD67-3633-4731-9226-768642E8EA2F}.Release|Any CPU.ActiveCfg = Release|Any CPU
		{86FDCD67-3633-4731-9226-768642E8EA2F}.Release|Any CPU.Build.0 = Release|Any CPU
	EndGlobalSection
	GlobalSection(SolutionProperties) = preSolution
		HideSolutionNode = FALSE
	EndGlobalSection
	GlobalSection(ExtensibilityGlobals) = postSolution
		SolutionGuid = {9A6FBEA5-DD7E-463F-B896-4E592B2FB849}
	EndGlobalSection
EndGlobal
